
Microsoft Visual Studio Solution File, Format Version 12.00
Project("{FAE04EC0-301F-11D3-BF4B-00C04F79EFBC}") = "ClanControlPanel.Api", "ClanControlPanel.Api\ClanControlPanel.Api.csproj", "{67CD68F8-6CE6-4511-91AD-8F3189B203CD}"
EndProject
Project("{FAE04EC0-301F-11D3-BF4B-00C04F79EFBC}") = "ClanControlPanel.Core", "ClanControlPanel.Core\ClanControlPanel.Core.csproj", "{0FD0A8BD-E17E-4603-8F8E-BC921B7B874D}"
EndProject
Project("{FAE04EC0-301F-11D3-BF4B-00C04F79EFBC}") = "ClanControlPanel.Application", "ClanControlPanel.Application\ClanControlPanel.Application.csproj", "{5747D727-82DA-4D29-AEF1-B0B90822CD16}"
EndProject
Project("{FAE04EC0-301F-11D3-BF4B-00C04F79EFBC}") = "ClanControlPanel.Infrastructure", "ClanControlPanel.Infrastructure\ClanControlPanel.Infrastructure.csproj", "{B0710C24-C924-4B99-A00A-3CE6B8290262}"
EndProject
Global
	GlobalSection(SolutionConfigurationPlatforms) = preSolution
		Debug|Any CPU = Debug|Any CPU
		Release|Any CPU = Release|Any CPU
	EndGlobalSection
	GlobalSection(ProjectConfigurationPlatforms) = postSolution
		{67CD68F8-6CE6-4511-91AD-8F3189B203CD}.Debug|Any CPU.ActiveCfg = Debug|Any CPU
		{67CD68F8-6CE6-4511-91AD-8F3189B203CD}.Debug|Any CPU.Build.0 = Debug|Any CPU
		{67CD68F8-6CE6-4511-91AD-8F3189B203CD}.Release|Any CPU.ActiveCfg = Release|Any CPU
		{67CD68F8-6CE6-4511-91AD-8F3189B203CD}.Release|Any CPU.Build.0 = Release|Any CPU
		{0FD0A8BD-E17E-4603-8F8E-BC921B7B874D}.Debug|Any CPU.ActiveCfg = Debug|Any CPU
		{0FD0A8BD-E17E-4603-8F8E-BC921B7B874D}.Debug|Any CPU.Build.0 = Debug|Any CPU
		{0FD0A8BD-E17E-4603-8F8E-BC921B7B874D}.Release|Any CPU.ActiveCfg = Release|Any CPU
		{0FD0A8BD-E17E-4603-8F8E-BC921B7B874D}.Release|Any CPU.Build.0 = Release|Any CPU
		{5747D727-82DA-4D29-AEF1-B0B90822CD16}.Debug|Any CPU.ActiveCfg = Debug|Any CPU
		{5747D727-82DA-4D29-AEF1-B0B90822CD16}.Debug|Any CPU.Build.0 = Debug|Any CPU
		{5747D727-82DA-4D29-AEF1-B0B90822CD16}.Release|Any CPU.ActiveCfg = Release|Any CPU
		{5747D727-82DA-4D29-AEF1-B0B90822CD16}.Release|Any CPU.Build.0 = Release|Any CPU
		{B0710C24-C924-4B99-A00A-3CE6B8290262}.Debug|Any CPU.ActiveCfg = Debug|Any CPU
		{B0710C24-C924-4B99-A00A-3CE6B8290262}.Debug|Any CPU.Build.0 = Debug|Any CPU
		{B0710C24-C924-4B99-A00A-3CE6B8290262}.Release|Any CPU.ActiveCfg = Release|Any CPU
		{B0710C24-C924-4B99-A00A-3CE6B8290262}.Release|Any CPU.Build.0 = Release|Any CPU
	EndGlobalSection
EndGlobal
